{
  "nodes": {
    "nixpkgs": {
      "locked": {
        "lastModified": 1772047000,
        "narHash": "sha256-7DaQVv4R97cii/Qdfy4tmDZMB2xxtyIvNGSwXBBhSmo=",
        "owner": "nixos",
        "repo": "nixpkgs",
        "rev": "1267bb4920d0fc06ea916734c11b0bf004bbe17e",
        "type": "github"
      },
      "original": {
        "owner": "nixos",
        "ref": "nixos-25.11",
        "repo": "nixpkgs",
        "type": "github"
      }
    },
    "nixpkgs_2": {
      "locked": {
        "lastModified": 1772173633,
        "narHash": "sha256-MOH58F4AIbCkh6qlQcwMycyk5SWvsqnS/TCfnqDlpj4=",
        "owner": "NixOS",
        "repo": "nixpkgs",
        "rev": "c0f3d81a7ddbc2b1332be0d8481a672b4f6004d6",
        "type": "github"
      },
      "original": {
        "owner": "NixOS",
        "ref": "nixpkgs-unstable",
        "repo": "nixpkgs",
        "type": "github"
      }
    },
    "root": {
      "inputs": {
        "nixpkgs": "nixpkgs",
        "snacks-nvim": "snacks-nvim",
        "sops-nix": "sops-nix"
      }
    },
    "snacks-nvim": {
      "flake": false,
      "locked": {
        "lastModified": 1772353340,
        "narHash": "sha256-987hqjUll8ICGC6NRP2AKGNVpZODejyiwcVAecdKGl8=",
        "owner": "folke",
        "repo": "snacks.nvim",
        "rev": "9912042fc8bca2209105526ac7534e9a0c2071b2",
        "type": "github"
      },
      "original": {
        "owner": "folke",
        "repo": "snacks.nvim",
        "type": "github"
      }
    },
    "sops-nix": {
      "inputs": {
        "nixpkgs": "nixpkgs_2"
      },
      "locked": {
        "lastModified": 1772340640,
        "narHash": "sha256-1nq7+Kt5IUBD8Hu3nptVPbMf+22rNJoHT0t9L1X+GKA=",
        "owner": "Mic92",
        "repo": "sops-nix",
        "rev": "dec4d8eac700dcd2fe3c020857d3ee220ec147f1",
        "type": "github"
      },
      "original": {
        "owner": "Mic92",
        "repo": "sops-nix",
        "type": "github"
      }
    }
  },
  "root": "root",
  "version": 7
}
